
Microsoft Visual Studio Solution File, Format Version 12.00
# Visual Studio Version 17
VisualStudioVersion = 17.5.33516.290
MinimumVisualStudioVersion = 10.0.40219.1
Project("{9A19103F-16F7-4668-BE54-9A1E7A4F7556}") = "eco_energy_services", "eco_energy_services.csproj", "{0817F445-0B75-4B2F-A923-FE329EA31233}"
EndProject
Project("{9A19103F-16F7-4668-BE54-9A1E7A4F7556}") = "eco_lib_energy", "..\eco_lib_energy\eco_lib_energy\eco_lib_energy.csproj", "{60317418-CCE5-4217-A1CE-83C798D7DA41}"
EndProject
Project("{9A19103F-16F7-4668-BE54-9A1E7A4F7556}") = "eco_lib_energy_dao", "..\eco_lib_energy\eco_lib_energy_dao\eco_lib_energy_dao.csproj", "{E9D715BB-E96B-4E1F-BFA0-4C7B3DEB6141}"
EndProject
Global
	GlobalSection(SolutionConfigurationPlatforms) = preSolution
		Debug|Any CPU = Debug|Any CPU
		Release|Any CPU = Release|Any CPU
	EndGlobalSection
	GlobalSection(ProjectConfigurationPlatforms) = postSolution
		{0817F445-0B75-4B2F-A923-FE329EA31233}.Debug|Any CPU.ActiveCfg = Debug|Any CPU
		{0817F445-0B75-4B2F-A923-FE329EA31233}.Debug|Any CPU.Build.0 = Debug|Any CPU
		{0817F445-0B75-4B2F-A923-FE329EA31233}.Release|Any CPU.ActiveCfg = Release|Any CPU
		{0817F445-0B75-4B2F-A923-FE329EA31233}.Release|Any CPU.Build.0 = Release|Any CPU
		{60317418-CCE5-4217-A1CE-83C798D7DA41}.Debug|Any CPU.ActiveCfg = Debug|Any CPU
		{60317418-CCE5-4217-A1CE-83C798D7DA41}.Debug|Any CPU.Build.0 = Debug|Any CPU
		{60317418-CCE5-4217-A1CE-83C798D7DA41}.Release|Any CPU.ActiveCfg = Release|Any CPU
		{60317418-CCE5-4217-A1CE-83C798D7DA41}.Release|Any CPU.Build.0 = Release|Any CPU
		{E9D715BB-E96B-4E1F-BFA0-4C7B3DEB6141}.Debug|Any CPU.ActiveCfg = Debug|Any CPU
		{E9D715BB-E96B-4E1F-BFA0-4C7B3DEB6141}.Debug|Any CPU.Build.0 = Debug|Any CPU
		{E9D715BB-E96B-4E1F-BFA0-4C7B3DEB6141}.Release|Any CPU.ActiveCfg = Release|Any CPU
		{E9D715BB-E96B-4E1F-BFA0-4C7B3DEB6141}.Release|Any CPU.Build.0 = Release|Any CPU
	EndGlobalSection
	GlobalSection(SolutionProperties) = preSolution
		HideSolutionNode = FALSE
	EndGlobalSection
	GlobalSection(ExtensibilityGlobals) = postSolution
		SolutionGuid = {DBFA0DD4-F9B8-41F0-9963-0D94F0A74DF5}
	EndGlobalSection
EndGlobal
